
Microsoft Visual Studio Solution File, Format Version 12.00
# Visual Studio Version 17
VisualStudioVersion = 17.3.32819.101
MinimumVisualStudioVersion = 10.0.40219.1
Project("{FAE04EC0-301F-11D3-BF4B-00C04F79EFBC}") = "M320", "M320\M320.csproj", "{6CB86655-5F09-4FE6-9AC5-8E77F584C12D}"
EndProject
Global
	GlobalSection(SolutionConfigurationPlatforms) = preSolution
		Debug|Any CPU = Debug|Any CPU
		Release|Any CPU = Release|Any CPU
	EndGlobalSection
	GlobalSection(ProjectConfigurationPlatforms) = postSolution
		{6CB86655-5F09-4FE6-9AC5-8E77F584C12D}.Debug|Any CPU.ActiveCfg = Debug|Any CPU
		{6CB86655-5F09-4FE6-9AC5-8E77F584C12D}.Debug|Any CPU.Build.0 = Debug|Any CPU
		{6CB86655-5F09-4FE6-9AC5-8E77F584C12D}.Release|Any CPU.ActiveCfg = Release|Any CPU
		{6CB86655-5F09-4FE6-9AC5-8E77F584C12D}.Release|Any CPU.Build.0 = Release|Any CPU
	EndGlobalSection
	GlobalSection(SolutionProperties) = preSolution
		HideSolutionNode = FALSE
	EndGlobalSection
	GlobalSection(ExtensibilityGlobals) = postSolution
		SolutionGuid = {EB6F4A69-2A0C-4385-9408-929DAEEB4D11}
	EndGlobalSection
EndGlobal
